
Microsoft Visual Studio Solution File, Format Version 12.00
# Visual Studio 15
VisualStudioVersion = 15.0.28307.1433
MinimumVisualStudioVersion = 10.0.40219.1
Project("{FAE04EC0-301F-11D3-BF4B-00C04F79EFBC}") = "Biblioteca", "Biblioteca\Biblioteca.csproj", "{6F248E1E-FF94-4DE7-AC30-7B4DF65A5F2C}"
EndProject
Global
	GlobalSection(SolutionConfigurationPlatforms) = preSolution
		Debug|Any CPU = Debug|Any CPU
		Release|Any CPU = Release|Any CPU
	EndGlobalSection
	GlobalSection(ProjectConfigurationPlatforms) = postSolution
		{6F248E1E-FF94-4DE7-AC30-7B4DF65A5F2C}.Debug|Any CPU.ActiveCfg = Debug|Any CPU
		{6F248E1E-FF94-4DE7-AC30-7B4DF65A5F2C}.Debug|Any CPU.Build.0 = Debug|Any CPU
		{6F248E1E-FF94-4DE7-AC30-7B4DF65A5F2C}.Release|Any CPU.ActiveCfg = Release|Any CPU
		{6F248E1E-FF94-4DE7-AC30-7B4DF65A5F2C}.Release|Any CPU.Build.0 = Release|Any CPU
	EndGlobalSection
	GlobalSection(SolutionProperties) = preSolution
		HideSolutionNode = FALSE
	EndGlobalSection
	GlobalSection(ExtensibilityGlobals) = postSolution
		SolutionGuid = {3DDB4102-C50B-4F6B-913B-9834DFA878BF}
	EndGlobalSection
EndGlobal
